
Microsoft Visual Studio Solution File, Format Version 12.00
# Visual Studio 15
VisualStudioVersion = 15.0.28307.705
MinimumVisualStudioVersion = 10.0.40219.1
Project("{FAE04EC0-301F-11D3-BF4B-00C04F79EFBC}") = "TestApollo", "TestApollo\TestApollo.csproj", "{203516CD-F0A2-4141-9CCA-DDA7485486EB}"
EndProject
Global
	GlobalSection(SolutionConfigurationPlatforms) = preSolution
		Debug|Any CPU = Debug|Any CPU
		Release|Any CPU = Release|Any CPU
	EndGlobalSection
	GlobalSection(ProjectConfigurationPlatforms) = postSolution
		{203516CD-F0A2-4141-9CCA-DDA7485486EB}.Debug|Any CPU.ActiveCfg = Debug|Any CPU
		{203516CD-F0A2-4141-9CCA-DDA7485486EB}.Debug|Any CPU.Build.0 = Debug|Any CPU
		{203516CD-F0A2-4141-9CCA-DDA7485486EB}.Release|Any CPU.ActiveCfg = Release|Any CPU
		{203516CD-F0A2-4141-9CCA-DDA7485486EB}.Release|Any CPU.Build.0 = Release|Any CPU
	EndGlobalSection
	GlobalSection(SolutionProperties) = preSolution
		HideSolutionNode = FALSE
	EndGlobalSection
	GlobalSection(ExtensibilityGlobals) = postSolution
		SolutionGuid = {B4A08F2E-466A-4395-837C-B41D6E689B21}
	EndGlobalSection
EndGlobal
